<?xml version="1.0" encoding="utf-8"?>
<Project ToolsVersion="4.0" xmlns="http://schemas.microsoft.com/developer/msbuild/2003">
  <ItemGroup>
    <Filter Include="Source Files">
      <UniqueIdentifier>{4FC737F1-C7A5-4376-A066-2A32D752A2FF}</UniqueIdentifier>
      <Extensions>cpp;c;cc;cxx;def;odl;idl;hpj;bat;asm;asmx</Extensions>
    </Filter>
    <Filter Include="Header Files">
      <UniqueIdentifier>{93995380-89BD-4b04-88EB-625FBE52EBFB}</UniqueIdentifier>
      <Extensions>h;hh;hpp;hxx;hm;inl;inc;xsd</Extensions>
    </Filter>
    <Filter Include="Resource Files">
      <UniqueIdentifier>{67DA6AB6-F800-4c08-8B7A-83BB121AAD01}</UniqueIdentifier>
      <Extensions>rc;ico;cur;bmp;dlg;rc2;rct;bin;rgs;gif;jpg;jpeg;jpe;resx;tiff;tif;png;wav;mfcribbon-ms</Extensions>
    </Filter>
    <Filter Include="Header Files\Packet System">
      <UniqueIdentifier>{78405bf1-7e84-4329-a181-4fc43f9d4808}</UniqueIdentifier>
    </Filter>
    <Filter Include="Header Files\Server">
      <UniqueIdentifier>{988a3563-d167-46fb-b210-ae2ad953c0c6}</UniqueIdentifier>
    </Filter>
    <Filter Include="Header Files\Crypto">
      <UniqueIdentifier>{55f6a0e4-2cf6-4e00-abbf-4cd0f2332b64}</UniqueIdentifier>
    </Filter>
    <Filter Include="Source Files\Packet System">
      <UniqueIdentifier>{1bcfccca-f10b-46b7-a1cd-5b53e189d19b}</UniqueIdentifier>
    </Filter>
    <Filter Include="Header Files\Memory">
      <UniqueIdentifier>{c8b7874c-c516-43fb-9c40-84046002e71c}</UniqueIdentifier>
    </Filter>
    <Filter Include="Source Files\Memory">
      <UniqueIdentifier>{399414ba-047c-431c-b1e0-0db83d664fd9}</UniqueIdentifier>
    </Filter>
  </ItemGroup>
  <ItemGroup>
    <ClInclude Include="AlefLog.h">
      <Filter>Header Files</Filter>
    </ClInclude>
    <ClInclude Include="AlefPacket.h">
      <Filter>Header Files\Packet System</Filter>
    </ClInclude>
    <ClInclude Include="AlefPacketHandler.h">
      <Filter>Header Files\Packet System</Filter>
    </ClInclude>
    <ClInclude Include="AlefPacketInterface.h">
      <Filter>Header Files\Packet System</Filter>
    </ClInclude>
    <ClInclude Include="AlefPacketProcessor.h">
      <Filter>Header Files\Packet System</Filter>
    </ClInclude>
    <ClInclude Include="AlefFlagLengthLookup.h">
      <Filter>Header Files\Packet System</Filter>
    </ClInclude>
    <ClInclude Include="AlefConnectionFactory.h">
      <Filter>Header Files\Server</Filter>
    </ClInclude>
    <ClInclude Include="AlefServer.h">
      <Filter>Header Files\Server</Filter>
    </ClInclude>
    <ClInclude Include="AlefServerConnection.h">
      <Filter>Header Files\Server</Filter>
    </ClInclude>
    <ClInclude Include="AlefSocket.h">
      <Filter>Header Files\Server</Filter>
    </ClInclude>
    <ClInclude Include="AlefSocketImpl.h">
      <Filter>Header Files\Server</Filter>
    </ClInclude>
    <ClInclude Include="AlefCrypto.h">
      <Filter>Header Files\Crypto</Filter>
    </ClInclude>
    <ClInclude Include="AlefMD5Crypto.h">
      <Filter>Header Files\Crypto</Filter>
    </ClInclude>
    <ClInclude Include="AlefFieldLookup.h">
      <Filter>Header Files\Packet System</Filter>
    </ClInclude>
    <ClInclude Include="AlefTypes.h">
      <Filter>Header Files</Filter>
    </ClInclude>
    <ClInclude Include="AlefPacketPool.h">
      <Filter>Header Files\Memory</Filter>
    </ClInclude>
    <ClInclude Include="AlefPoolStrategy.h">
      <Filter>Header Files\Memory</Filter>
    </ClInclude>
    <ClInclude Include="AlefPool.h">
      <Filter>Header Files\Memory</Filter>
    </ClInclude>
  </ItemGroup>
  <ItemGroup>
    <ClCompile Include="AlefLog.cpp">
      <Filter>Source Files</Filter>
    </ClCompile>
    <ClCompile Include="AlefFlagLengthLookup.cpp">
      <Filter>Source Files\Packet System</Filter>
    </ClCompile>
    <ClCompile Include="AlefPacket.cpp">
      <Filter>Source Files\Packet System</Filter>
    </ClCompile>
    <ClCompile Include="AlefPacketInterface.cpp">
      <Filter>Source Files\Packet System</Filter>
    </ClCompile>
    <ClCompile Include="AlefFieldLookup.cpp">
      <Filter>Source Files\Packet System</Filter>
    </ClCompile>
    <ClCompile Include="AlefPacketPool.cpp">
      <Filter>Source Files\Memory</Filter>
    </ClCompile>
  </ItemGroup>
</Project>